
Microsoft Visual Studio Solution File, Format Version 12.00
# Visual Studio Version 17
VisualStudioVersion = 17.9.34723.18
MinimumVisualStudioVersion = 10.0.40219.1
Project("{9A19103F-16F7-4668-BE54-9A1E7A4F7556}") = "GetSample", "GetSample\GetSample.csproj", "{BB50F421-23B6-4945-A2FD-FF225DFD3873}"
EndProject
Project("{9A19103F-16F7-4668-BE54-9A1E7A4F7556}") = "SampleApp", "SampleApp\SampleApp.csproj", "{EE018278-33F3-4BF1-BF66-F26958627A61}"
EndProject
Project("{9A19103F-16F7-4668-BE54-9A1E7A4F7556}") = "EasyFunctions", "EasyFunctions\EasyFunctions.csproj", "{4D285102-B418-42B7-A24A-A24EDCF431A0}"
EndProject
Project("{9A19103F-16F7-4668-BE54-9A1E7A4F7556}") = "01. Server_Yazaki", "Server_\01. Server_Yazaki.csproj", "{FDDE7992-A2ED-4B04-A1C2-2016714C7002}"
EndProject
Project("{9A19103F-16F7-4668-BE54-9A1E7A4F7556}") = "01. Client_Yazaki", "Client_\01. Client_Yazaki.csproj", "{0BD63ED6-D023-4BD4-954C-F934166C9E98}"
EndProject
Project("{9A19103F-16F7-4668-BE54-9A1E7A4F7556}") = "01.AutoCopyFile_Yazaki", "..\..\Data_\WorkS\Project\AutoCopy\AutoCopy\01.AutoCopyFile_Yazaki.csproj", "{3EB526EE-0C4C-4F3E-8960-E69E366FDD13}"
EndProject
Project("{FAE04EC0-301F-11D3-BF4B-00C04F79EFBC}") = "01.ExportExcel_Yazaki", "..\..\Data_\WorkS\Project\ExportExcel\ExportExcel\01.ExportExcel_Yazaki.csproj", "{3536C2A8-B7FA-4F70-B0FB-08E43CF28BC0}"
EndProject
Project("{9A19103F-16F7-4668-BE54-9A1E7A4F7556}") = "02. NumberRecor_QA", "..\..\Data_\WorkS\Project\NumberRecor\NumberRecor\02. NumberRecor_QA.csproj", "{D38FC13D-D503-43AD-A7FE-FF156B37CDCE}"
EndProject
Global
	GlobalSection(SolutionConfigurationPlatforms) = preSolution
		Debug|Any CPU = Debug|Any CPU
		Release|Any CPU = Release|Any CPU
	EndGlobalSection
	GlobalSection(ProjectConfigurationPlatforms) = postSolution
		{BB50F421-23B6-4945-A2FD-FF225DFD3873}.Debug|Any CPU.ActiveCfg = Debug|Any CPU
		{BB50F421-23B6-4945-A2FD-FF225DFD3873}.Debug|Any CPU.Build.0 = Debug|Any CPU
		{BB50F421-23B6-4945-A2FD-FF225DFD3873}.Release|Any CPU.ActiveCfg = Release|Any CPU
		{BB50F421-23B6-4945-A2FD-FF225DFD3873}.Release|Any CPU.Build.0 = Release|Any CPU
		{EE018278-33F3-4BF1-BF66-F26958627A61}.Debug|Any CPU.ActiveCfg = Debug|Any CPU
		{EE018278-33F3-4BF1-BF66-F26958627A61}.Debug|Any CPU.Build.0 = Debug|Any CPU
		{EE018278-33F3-4BF1-BF66-F26958627A61}.Debug|Any CPU.Deploy.0 = Debug|Any CPU
		{EE018278-33F3-4BF1-BF66-F26958627A61}.Release|Any CPU.ActiveCfg = Release|Any CPU
		{EE018278-33F3-4BF1-BF66-F26958627A61}.Release|Any CPU.Build.0 = Release|Any CPU
		{EE018278-33F3-4BF1-BF66-F26958627A61}.Release|Any CPU.Deploy.0 = Release|Any CPU
		{4D285102-B418-42B7-A24A-A24EDCF431A0}.Debug|Any CPU.ActiveCfg = Debug|Any CPU
		{4D285102-B418-42B7-A24A-A24EDCF431A0}.Debug|Any CPU.Build.0 = Debug|Any CPU
		{4D285102-B418-42B7-A24A-A24EDCF431A0}.Release|Any CPU.ActiveCfg = Release|Any CPU
		{4D285102-B418-42B7-A24A-A24EDCF431A0}.Release|Any CPU.Build.0 = Release|Any CPU
		{FDDE7992-A2ED-4B04-A1C2-2016714C7002}.Debug|Any CPU.ActiveCfg = Debug|Any CPU
		{FDDE7992-A2ED-4B04-A1C2-2016714C7002}.Debug|Any CPU.Build.0 = Debug|Any CPU
		{FDDE7992-A2ED-4B04-A1C2-2016714C7002}.Release|Any CPU.ActiveCfg = Release|Any CPU
		{FDDE7992-A2ED-4B04-A1C2-2016714C7002}.Release|Any CPU.Build.0 = Release|Any CPU
		{0BD63ED6-D023-4BD4-954C-F934166C9E98}.Debug|Any CPU.ActiveCfg = Debug|Any CPU
		{0BD63ED6-D023-4BD4-954C-F934166C9E98}.Debug|Any CPU.Build.0 = Debug|Any CPU
		{0BD63ED6-D023-4BD4-954C-F934166C9E98}.Release|Any CPU.ActiveCfg = Release|Any CPU
		{0BD63ED6-D023-4BD4-954C-F934166C9E98}.Release|Any CPU.Build.0 = Release|Any CPU
		{3EB526EE-0C4C-4F3E-8960-E69E366FDD13}.Debug|Any CPU.ActiveCfg = Debug|Any CPU
		{3EB526EE-0C4C-4F3E-8960-E69E366FDD13}.Debug|Any CPU.Build.0 = Debug|Any CPU
		{3EB526EE-0C4C-4F3E-8960-E69E366FDD13}.Release|Any CPU.ActiveCfg = Release|Any CPU
		{3EB526EE-0C4C-4F3E-8960-E69E366FDD13}.Release|Any CPU.Build.0 = Release|Any CPU
		{3536C2A8-B7FA-4F70-B0FB-08E43CF28BC0}.Debug|Any CPU.ActiveCfg = Debug|Any CPU
		{3536C2A8-B7FA-4F70-B0FB-08E43CF28BC0}.Debug|Any CPU.Build.0 = Debug|Any CPU
		{3536C2A8-B7FA-4F70-B0FB-08E43CF28BC0}.Release|Any CPU.ActiveCfg = Release|Any CPU
		{3536C2A8-B7FA-4F70-B0FB-08E43CF28BC0}.Release|Any CPU.Build.0 = Release|Any CPU
		{D38FC13D-D503-43AD-A7FE-FF156B37CDCE}.Debug|Any CPU.ActiveCfg = Debug|Any CPU
		{D38FC13D-D503-43AD-A7FE-FF156B37CDCE}.Debug|Any CPU.Build.0 = Debug|Any CPU
		{D38FC13D-D503-43AD-A7FE-FF156B37CDCE}.Release|Any CPU.ActiveCfg = Release|Any CPU
		{D38FC13D-D503-43AD-A7FE-FF156B37CDCE}.Release|Any CPU.Build.0 = Release|Any CPU
	EndGlobalSection
	GlobalSection(SolutionProperties) = preSolution
		HideSolutionNode = FALSE
	EndGlobalSection
	GlobalSection(ExtensibilityGlobals) = postSolution
		SolutionGuid = {93DA69F9-22B2-4859-9F4B-F799536A1298}
	EndGlobalSection
EndGlobal
